
Microsoft Visual Studio Solution File, Format Version 12.00
# Visual Studio Version 17
VisualStudioVersion = 17.9.34714.143
MinimumVisualStudioVersion = 10.0.40219.1
Project("{8BC9CEB8-8B4A-11D0-8D11-00A0C91BC942}") = "TryAgain", "TryAgain\TryAgain.vcxproj", "{7971ED3C-7D0B-4724-9E99-7D3A75A2EFA9}"
EndProject
Project("{888888A0-9F3D-457C-B088-3A5042F75D52}") = "PyApp", "PyApp\PyApp.pyproj", "{01FBB350-96F7-476B-878B-5C18794D9A9C}"
EndProject
Project("{8BC9CEB8-8B4A-11D0-8D11-00A0C91BC942}") = "binding", "binding\binding.vcxproj", "{EAE20583-3466-4943-BBED-94FC24E787CB}"
EndProject
Global
	GlobalSection(SolutionConfigurationPlatforms) = preSolution
		Debug|Any CPU = Debug|Any CPU
		Debug|x64 = Debug|x64
		Debug|x86 = Debug|x86
		mathapp_release|Any CPU = mathapp_release|Any CPU
		mathapp_release|x64 = mathapp_release|x64
		mathapp_release|x86 = mathapp_release|x86
		mathapp|Any CPU = mathapp|Any CPU
		mathapp|x64 = mathapp|x64
		mathapp|x86 = mathapp|x86
		mathvis|Any CPU = mathvis|Any CPU
		mathvis|x64 = mathvis|x64
		mathvis|x86 = mathvis|x86
		Release|Any CPU = Release|Any CPU
		Release|x64 = Release|x64
		Release|x86 = Release|x86
	EndGlobalSection
	GlobalSection(ProjectConfigurationPlatforms) = postSolution
		{7971ED3C-7D0B-4724-9E99-7D3A75A2EFA9}.Debug|Any CPU.ActiveCfg = Debug|x64
		{7971ED3C-7D0B-4724-9E99-7D3A75A2EFA9}.Debug|Any CPU.Build.0 = Debug|x64
		{7971ED3C-7D0B-4724-9E99-7D3A75A2EFA9}.Debug|x64.ActiveCfg = Debug|x64
		{7971ED3C-7D0B-4724-9E99-7D3A75A2EFA9}.Debug|x64.Build.0 = Debug|x64
		{7971ED3C-7D0B-4724-9E99-7D3A75A2EFA9}.Debug|x86.ActiveCfg = Debug|Win32
		{7971ED3C-7D0B-4724-9E99-7D3A75A2EFA9}.Debug|x86.Build.0 = Debug|Win32
		{7971ED3C-7D0B-4724-9E99-7D3A75A2EFA9}.mathapp_release|Any CPU.ActiveCfg = mathapp_release|x64
		{7971ED3C-7D0B-4724-9E99-7D3A75A2EFA9}.mathapp_release|Any CPU.Build.0 = mathapp_release|x64
		{7971ED3C-7D0B-4724-9E99-7D3A75A2EFA9}.mathapp_release|x64.ActiveCfg = mathapp_release|x64
		{7971ED3C-7D0B-4724-9E99-7D3A75A2EFA9}.mathapp_release|x64.Build.0 = mathapp_release|x64
		{7971ED3C-7D0B-4724-9E99-7D3A75A2EFA9}.mathapp_release|x86.ActiveCfg = mathapp_release|Win32
		{7971ED3C-7D0B-4724-9E99-7D3A75A2EFA9}.mathapp_release|x86.Build.0 = mathapp_release|Win32
		{7971ED3C-7D0B-4724-9E99-7D3A75A2EFA9}.mathapp|Any CPU.ActiveCfg = mathapp|x64
		{7971ED3C-7D0B-4724-9E99-7D3A75A2EFA9}.mathapp|Any CPU.Build.0 = mathapp|x64
		{7971ED3C-7D0B-4724-9E99-7D3A75A2EFA9}.mathapp|x64.ActiveCfg = mathapp|x64
		{7971ED3C-7D0B-4724-9E99-7D3A75A2EFA9}.mathapp|x64.Build.0 = mathapp|x64
		{7971ED3C-7D0B-4724-9E99-7D3A75A2EFA9}.mathapp|x86.ActiveCfg = mathapp|Win32
		{7971ED3C-7D0B-4724-9E99-7D3A75A2EFA9}.mathapp|x86.Build.0 = mathapp|Win32
		{7971ED3C-7D0B-4724-9E99-7D3A75A2EFA9}.mathvis|Any CPU.ActiveCfg = Release|x64
		{7971ED3C-7D0B-4724-9E99-7D3A75A2EFA9}.mathvis|Any CPU.Build.0 = Release|x64
		{7971ED3C-7D0B-4724-9E99-7D3A75A2EFA9}.mathvis|x64.ActiveCfg = Debug|x64
		{7971ED3C-7D0B-4724-9E99-7D3A75A2EFA9}.mathvis|x64.Build.0 = Debug|x64
		{7971ED3C-7D0B-4724-9E99-7D3A75A2EFA9}.mathvis|x86.ActiveCfg = Debug|Win32
		{7971ED3C-7D0B-4724-9E99-7D3A75A2EFA9}.mathvis|x86.Build.0 = Debug|Win32
		{7971ED3C-7D0B-4724-9E99-7D3A75A2EFA9}.Release|Any CPU.ActiveCfg = Release|x64
		{7971ED3C-7D0B-4724-9E99-7D3A75A2EFA9}.Release|Any CPU.Build.0 = Release|x64
		{7971ED3C-7D0B-4724-9E99-7D3A75A2EFA9}.Release|x64.ActiveCfg = Release|x64
		{7971ED3C-7D0B-4724-9E99-7D3A75A2EFA9}.Release|x64.Build.0 = Release|x64
		{7971ED3C-7D0B-4724-9E99-7D3A75A2EFA9}.Release|x86.ActiveCfg = Release|Win32
		{7971ED3C-7D0B-4724-9E99-7D3A75A2EFA9}.Release|x86.Build.0 = Release|Win32
		{01FBB350-96F7-476B-878B-5C18794D9A9C}.Debug|Any CPU.ActiveCfg = Debug|Any CPU
		{01FBB350-96F7-476B-878B-5C18794D9A9C}.Debug|x64.ActiveCfg = Debug|Any CPU
		{01FBB350-96F7-476B-878B-5C18794D9A9C}.Debug|x86.ActiveCfg = Debug|Any CPU
		{01FBB350-96F7-476B-878B-5C18794D9A9C}.mathapp_release|Any CPU.ActiveCfg = Release|Any CPU
		{01FBB350-96F7-476B-878B-5C18794D9A9C}.mathapp_release|x64.ActiveCfg = Release|Any CPU
		{01FBB350-96F7-476B-878B-5C18794D9A9C}.mathapp_release|x86.ActiveCfg = Release|Any CPU
		{01FBB350-96F7-476B-878B-5C18794D9A9C}.mathapp|Any CPU.ActiveCfg = Debug|Any CPU
		{01FBB350-96F7-476B-878B-5C18794D9A9C}.mathapp|x64.ActiveCfg = Debug|Any CPU
		{01FBB350-96F7-476B-878B-5C18794D9A9C}.mathapp|x86.ActiveCfg = Debug|Any CPU
		{01FBB350-96F7-476B-878B-5C18794D9A9C}.mathvis|Any CPU.ActiveCfg = Release|Any CPU
		{01FBB350-96F7-476B-878B-5C18794D9A9C}.mathvis|x64.ActiveCfg = Release|Any CPU
		{01FBB350-96F7-476B-878B-5C18794D9A9C}.mathvis|x86.ActiveCfg = Release|Any CPU
		{01FBB350-96F7-476B-878B-5C18794D9A9C}.Release|Any CPU.ActiveCfg = Release|Any CPU
		{01FBB350-96F7-476B-878B-5C18794D9A9C}.Release|x64.ActiveCfg = Release|Any CPU
		{01FBB350-96F7-476B-878B-5C18794D9A9C}.Release|x86.ActiveCfg = Release|Any CPU
		{EAE20583-3466-4943-BBED-94FC24E787CB}.Debug|Any CPU.ActiveCfg = Debug|x64
		{EAE20583-3466-4943-BBED-94FC24E787CB}.Debug|Any CPU.Build.0 = Debug|x64
		{EAE20583-3466-4943-BBED-94FC24E787CB}.Debug|x64.ActiveCfg = Debug|x64
		{EAE20583-3466-4943-BBED-94FC24E787CB}.Debug|x64.Build.0 = Debug|x64
		{EAE20583-3466-4943-BBED-94FC24E787CB}.Debug|x86.ActiveCfg = Debug|Win32
		{EAE20583-3466-4943-BBED-94FC24E787CB}.Debug|x86.Build.0 = Debug|Win32
		{EAE20583-3466-4943-BBED-94FC24E787CB}.mathapp_release|Any CPU.ActiveCfg = Release|x64
		{EAE20583-3466-4943-BBED-94FC24E787CB}.mathapp_release|Any CPU.Build.0 = Release|x64
		{EAE20583-3466-4943-BBED-94FC24E787CB}.mathapp_release|x64.ActiveCfg = Release|x64
		{EAE20583-3466-4943-BBED-94FC24E787CB}.mathapp_release|x64.Build.0 = Release|x64
		{EAE20583-3466-4943-BBED-94FC24E787CB}.mathapp_release|x86.ActiveCfg = Release|Win32
		{EAE20583-3466-4943-BBED-94FC24E787CB}.mathapp_release|x86.Build.0 = Release|Win32
		{EAE20583-3466-4943-BBED-94FC24E787CB}.mathapp|Any CPU.ActiveCfg = Debug|x64
		{EAE20583-3466-4943-BBED-94FC24E787CB}.mathapp|Any CPU.Build.0 = Debug|x64
		{EAE20583-3466-4943-BBED-94FC24E787CB}.mathapp|x64.ActiveCfg = Debug|x64
		{EAE20583-3466-4943-BBED-94FC24E787CB}.mathapp|x64.Build.0 = Debug|x64
		{EAE20583-3466-4943-BBED-94FC24E787CB}.mathapp|x86.ActiveCfg = Debug|Win32
		{EAE20583-3466-4943-BBED-94FC24E787CB}.mathapp|x86.Build.0 = Debug|Win32
		{EAE20583-3466-4943-BBED-94FC24E787CB}.mathvis|Any CPU.ActiveCfg = Release|x64
		{EAE20583-3466-4943-BBED-94FC24E787CB}.mathvis|Any CPU.Build.0 = Release|x64
		{EAE20583-3466-4943-BBED-94FC24E787CB}.mathvis|x64.ActiveCfg = Release|x64
		{EAE20583-3466-4943-BBED-94FC24E787CB}.mathvis|x64.Build.0 = Release|x64
		{EAE20583-3466-4943-BBED-94FC24E787CB}.mathvis|x86.ActiveCfg = Release|Win32
		{EAE20583-3466-4943-BBED-94FC24E787CB}.mathvis|x86.Build.0 = Release|Win32
		{EAE20583-3466-4943-BBED-94FC24E787CB}.Release|Any CPU.ActiveCfg = Release|x64
		{EAE20583-3466-4943-BBED-94FC24E787CB}.Release|Any CPU.Build.0 = Release|x64
		{EAE20583-3466-4943-BBED-94FC24E787CB}.Release|x64.ActiveCfg = Release|x64
		{EAE20583-3466-4943-BBED-94FC24E787CB}.Release|x64.Build.0 = Release|x64
		{EAE20583-3466-4943-BBED-94FC24E787CB}.Release|x86.ActiveCfg = Release|Win32
		{EAE20583-3466-4943-BBED-94FC24E787CB}.Release|x86.Build.0 = Release|Win32
	EndGlobalSection
	GlobalSection(SolutionProperties) = preSolution
		HideSolutionNode = FALSE
	EndGlobalSection
	GlobalSection(ExtensibilityGlobals) = postSolution
		SolutionGuid = {68E44A20-E51F-4540-A4CC-A93C3D0C012B}
	EndGlobalSection
EndGlobal
